github.com/codeany-ai/open-agent-sdk-go v0.5.0 h1:UJd5HwlB01udnIHnYAimO1iOXqkItofNSuGMH5keT00=
github.com/codeany-ai/open-agent-sdk-go v0.5.0/go.mod h1:j9P9/i2oWLD0iMB73vZ6IllaQ9FzgG0LAdPmnqb9VOw=
github.com/google/uuid v1.6.0 h1:NIvaJDMOsjHA8n1jAhLSgzrAzy1Hgr+hNrb57e+94F0=
github.com/google/uuid v1.6.0/go.mod h1:TIyPZe4MgqvfeYDBFedMoGGpEw/LqOeaOT+nhxU+yHo=
